
Microsoft Visual Studio Solution File, Format Version 12.00
# Visual Studio Version 17
VisualStudioVersion = 17.12.35707.178
MinimumVisualStudioVersion = 10.0.40219.1
Project("{FAE04EC0-301F-11D3-BF4B-00C04F79EFBC}") = "KBlog", "KBlog\KBlog.csproj", "{FF21CFA5-F8A9-4DDB-8B06-A6BC5BCC5649}"
EndProject
Project("{FAE04EC0-301F-11D3-BF4B-00C04F79EFBC}") = "KBlogTest", "KBlogTest\KBlogTest.csproj", "{B4F1BBF6-1820-4BDC-8F81-C98878461A2A}"
EndProject
Global
	GlobalSection(SolutionConfigurationPlatforms) = preSolution
		Debug|Any CPU = Debug|Any CPU
		Release|Any CPU = Release|Any CPU
	EndGlobalSection
	GlobalSection(ProjectConfigurationPlatforms) = postSolution
		{FF21CFA5-F8A9-4DDB-8B06-A6BC5BCC5649}.Debug|Any CPU.ActiveCfg = Debug|Any CPU
		{FF21CFA5-F8A9-4DDB-8B06-A6BC5BCC5649}.Debug|Any CPU.Build.0 = Debug|Any CPU
		{FF21CFA5-F8A9-4DDB-8B06-A6BC5BCC5649}.Release|Any CPU.ActiveCfg = Release|Any CPU
		{FF21CFA5-F8A9-4DDB-8B06-A6BC5BCC5649}.Release|Any CPU.Build.0 = Release|Any CPU
		{B4F1BBF6-1820-4BDC-8F81-C98878461A2A}.Debug|Any CPU.ActiveCfg = Debug|Any CPU
		{B4F1BBF6-1820-4BDC-8F81-C98878461A2A}.Debug|Any CPU.Build.0 = Debug|Any CPU
		{B4F1BBF6-1820-4BDC-8F81-C98878461A2A}.Release|Any CPU.ActiveCfg = Release|Any CPU
		{B4F1BBF6-1820-4BDC-8F81-C98878461A2A}.Release|Any CPU.Build.0 = Release|Any CPU
	EndGlobalSection
	GlobalSection(SolutionProperties) = preSolution
		HideSolutionNode = FALSE
	EndGlobalSection
EndGlobal
